
Microsoft Visual Studio Solution File, Format Version 12.00
# Visual Studio Version 16
VisualStudioVersion = 16.0.29424.173
MinimumVisualStudioVersion = 10.0.40219.1
Project("{FAE04EC0-301F-11D3-BF4B-00C04F79EFBC}") = "ProductsViewModels.UWP", "ProductsViewModels\ProductsViewModels.UWP\ProductsViewModels.UWP.csproj", "{399CC8C3-AF76-4ADA-98EA-5A10CAC87145}"
EndProject
Project("{FAE04EC0-301F-11D3-BF4B-00C04F79EFBC}") = "ProductsViewModels.Android", "ProductsViewModels\ProductsViewModels.Android\ProductsViewModels.Android.csproj", "{4033F0A5-3AEE-465E-91BC-91B33A4695A7}"
EndProject
Project("{FAE04EC0-301F-11D3-BF4B-00C04F79EFBC}") = "ProductsViewModels.iOS", "ProductsViewModels\ProductsViewModels.iOS\ProductsViewModels.iOS.csproj", "{07385F5C-4DE1-4150-803A-6091DBDC071C}"
EndProject
Project("{FAE04EC0-301F-11D3-BF4B-00C04F79EFBC}") = "ProductsViewModels", "ProductsViewModels\ProductsViewModels\ProductsViewModels.csproj", "{630FB675-FF73-4006-A011-53F704274188}"
EndProject
Global
	GlobalSection(SolutionConfigurationPlatforms) = preSolution
		Debug|Any CPU = Debug|Any CPU
		Debug|ARM = Debug|ARM
		Debug|iPhone = Debug|iPhone
		Debug|iPhoneSimulator = Debug|iPhoneSimulator
		Debug|x64 = Debug|x64
		Debug|x86 = Debug|x86
		Release|Any CPU = Release|Any CPU
		Release|ARM = Release|ARM
		Release|iPhone = Release|iPhone
		Release|iPhoneSimulator = Release|iPhoneSimulator
		Release|x64 = Release|x64
		Release|x86 = Release|x86
	EndGlobalSection
	GlobalSection(ProjectConfigurationPlatforms) = postSolution
		{399CC8C3-AF76-4ADA-98EA-5A10CAC87145}.Debug|Any CPU.ActiveCfg = Debug|x86
		{399CC8C3-AF76-4ADA-98EA-5A10CAC87145}.Debug|Any CPU.Build.0 = Debug|x86
		{399CC8C3-AF76-4ADA-98EA-5A10CAC87145}.Debug|Any CPU.Deploy.0 = Debug|x86
		{399CC8C3-AF76-4ADA-98EA-5A10CAC87145}.Debug|ARM.ActiveCfg = Debug|ARM
		{399CC8C3-AF76-4ADA-98EA-5A10CAC87145}.Debug|ARM.Build.0 = Debug|ARM
		{399CC8C3-AF76-4ADA-98EA-5A10CAC87145}.Debug|ARM.Deploy.0 = Debug|ARM
		{399CC8C3-AF76-4ADA-98EA-5A10CAC87145}.Debug|iPhone.ActiveCfg = Debug|x86
		{399CC8C3-AF76-4ADA-98EA-5A10CAC87145}.Debug|iPhone.Build.0 = Debug|x86
		{399CC8C3-AF76-4ADA-98EA-5A10CAC87145}.Debug|iPhone.Deploy.0 = Debug|x86
		{399CC8C3-AF76-4ADA-98EA-5A10CAC87145}.Debug|iPhoneSimulator.ActiveCfg = Debug|x86
		{399CC8C3-AF76-4ADA-98EA-5A10CAC87145}.Debug|iPhoneSimulator.Build.0 = Debug|x86
		{399CC8C3-AF76-4ADA-98EA-5A10CAC87145}.Debug|iPhoneSimulator.Deploy.0 = Debug|x86
		{399CC8C3-AF76-4ADA-98EA-5A10CAC87145}.Debug|x64.ActiveCfg = Debug|x64
		{399CC8C3-AF76-4ADA-98EA-5A10CAC87145}.Debug|x64.Build.0 = Debug|x64
		{399CC8C3-AF76-4ADA-98EA-5A10CAC87145}.Debug|x64.Deploy.0 = Debug|x64
		{399CC8C3-AF76-4ADA-98EA-5A10CAC87145}.Debug|x86.ActiveCfg = Debug|x86
		{399CC8C3-AF76-4ADA-98EA-5A10CAC87145}.Debug|x86.Build.0 = Debug|x86
		{399CC8C3-AF76-4ADA-98EA-5A10CAC87145}.Debug|x86.Deploy.0 = Debug|x86
		{399CC8C3-AF76-4ADA-98EA-5A10CAC87145}.Release|Any CPU.ActiveCfg = Release|x86
		{399CC8C3-AF76-4ADA-98EA-5A10CAC87145}.Release|Any CPU.Build.0 = Release|x86
		{399CC8C3-AF76-4ADA-98EA-5A10CAC87145}.Release|Any CPU.Deploy.0 = Release|x86
		{399CC8C3-AF76-4ADA-98EA-5A10CAC87145}.Release|ARM.ActiveCfg = Release|ARM
		{399CC8C3-AF76-4ADA-98EA-5A10CAC87145}.Release|ARM.Build.0 = Release|ARM
		{399CC8C3-AF76-4ADA-98EA-5A10CAC87145}.Release|ARM.Deploy.0 = Release|ARM
		{399CC8C3-AF76-4ADA-98EA-5A10CAC87145}.Release|iPhone.ActiveCfg = Release|x86
		{399CC8C3-AF76-4ADA-98EA-5A10CAC87145}.Release|iPhone.Build.0 = Release|x86
		{399CC8C3-AF76-4ADA-98EA-5A10CAC87145}.Release|iPhone.Deploy.0 = Release|x86
		{399CC8C3-AF76-4ADA-98EA-5A10CAC87145}.Release|iPhoneSimulator.ActiveCfg = Release|x86
		{399CC8C3-AF76-4ADA-98EA-5A10CAC87145}.Release|iPhoneSimulator.Build.0 = Release|x86
		{399CC8C3-AF76-4ADA-98EA-5A10CAC87145}.Release|iPhoneSimulator.Deploy.0 = Release|x86
		{399CC8C3-AF76-4ADA-98EA-5A10CAC87145}.Release|x64.ActiveCfg = Release|x64
		{399CC8C3-AF76-4ADA-98EA-5A10CAC87145}.Release|x64.Build.0 = Release|x64
		{399CC8C3-AF76-4ADA-98EA-5A10CAC87145}.Release|x64.Deploy.0 = Release|x64
		{399CC8C3-AF76-4ADA-98EA-5A10CAC87145}.Release|x86.ActiveCfg = Release|x86
		{399CC8C3-AF76-4ADA-98EA-5A10CAC87145}.Release|x86.Build.0 = Release|x86
		{399CC8C3-AF76-4ADA-98EA-5A10CAC87145}.Release|x86.Deploy.0 = Release|x86
		{4033F0A5-3AEE-465E-91BC-91B33A4695A7}.Debug|Any CPU.ActiveCfg = Debug|Any CPU
		{4033F0A5-3AEE-465E-91BC-91B33A4695A7}.Debug|Any CPU.Build.0 = Debug|Any CPU
		{4033F0A5-3AEE-465E-91BC-91B33A4695A7}.Debug|Any CPU.Deploy.0 = Debug|Any CPU
		{4033F0A5-3AEE-465E-91BC-91B33A4695A7}.Debug|ARM.ActiveCfg = Debug|Any CPU
		{4033F0A5-3AEE-465E-91BC-91B33A4695A7}.Debug|ARM.Build.0 = Debug|Any CPU
		{4033F0A5-3AEE-465E-91BC-91B33A4695A7}.Debug|ARM.Deploy.0 = Debug|Any CPU
		{4033F0A5-3AEE-465E-91BC-91B33A4695A7}.Debug|iPhone.ActiveCfg = Debug|Any CPU
		{4033F0A5-3AEE-465E-91BC-91B33A4695A7}.Debug|iPhone.Build.0 = Debug|Any CPU
		{4033F0A5-3AEE-465E-91BC-91B33A4695A7}.Debug|iPhone.Deploy.0 = Debug|Any CPU
		{4033F0A5-3AEE-465E-91BC-91B33A4695A7}.Debug|iPhoneSimulator.ActiveCfg = Debug|Any CPU
		{4033F0A5-3AEE-465E-91BC-91B33A4695A7}.Debug|iPhoneSimulator.Build.0 = Debug|Any CPU
		{4033F0A5-3AEE-465E-91BC-91B33A4695A7}.Debug|iPhoneSimulator.Deploy.0 = Debug|Any CPU
		{4033F0A5-3AEE-465E-91BC-91B33A4695A7}.Debug|x64.ActiveCfg = Debug|Any CPU
		{4033F0A5-3AEE-465E-91BC-91B33A4695A7}.Debug|x64.Build.0 = Debug|Any CPU
		{4033F0A5-3AEE-465E-91BC-91B33A4695A7}.Debug|x64.Deploy.0 = Debug|Any CPU
		{4033F0A5-3AEE-465E-91BC-91B33A4695A7}.Debug|x86.ActiveCfg = Debug|Any CPU
		{4033F0A5-3AEE-465E-91BC-91B33A4695A7}.Debug|x86.Build.0 = Debug|Any CPU
		{4033F0A5-3AEE-465E-91BC-91B33A4695A7}.Debug|x86.Deploy.0 = Debug|Any CPU
		{4033F0A5-3AEE-465E-91BC-91B33A4695A7}.Release|Any CPU.ActiveCfg = Release|Any CPU
		{4033F0A5-3AEE-465E-91BC-91B33A4695A7}.Release|Any CPU.Build.0 = Release|Any CPU
		{4033F0A5-3AEE-465E-91BC-91B33A4695A7}.Release|Any CPU.Deploy.0 = Release|Any CPU
		{4033F0A5-3AEE-465E-91BC-91B33A4695A7}.Release|ARM.ActiveCfg = Release|Any CPU
		{4033F0A5-3AEE-465E-91BC-91B33A4695A7}.Release|ARM.Build.0 = Release|Any CPU
		{4033F0A5-3AEE-465E-91BC-91B33A4695A7}.Release|ARM.Deploy.0 = Release|Any CPU
		{4033F0A5-3AEE-465E-91BC-91B33A4695A7}.Release|iPhone.ActiveCfg = Release|Any CPU
		{4033F0A5-3AEE-465E-91BC-91B33A4695A7}.Release|iPhone.Build.0 = Release|Any CPU
		{4033F0A5-3AEE-465E-91BC-91B33A4695A7}.Release|iPhone.Deploy.0 = Release|Any CPU
		{4033F0A5-3AEE-465E-91BC-91B33A4695A7}.Release|iPhoneSimulator.ActiveCfg = Release|Any CPU
		{4033F0A5-3AEE-465E-91BC-91B33A4695A7}.Release|iPhoneSimulator.Build.0 = Release|Any CPU
		{4033F0A5-3AEE-465E-91BC-91B33A4695A7}.Release|iPhoneSimulator.Deploy.0 = Release|Any CPU
		{4033F0A5-3AEE-465E-91BC-91B33A4695A7}.Release|x64.ActiveCfg = Release|Any CPU
		{4033F0A5-3AEE-465E-91BC-91B33A4695A7}.Release|x64.Build.0 = Release|Any CPU
		{4033F0A5-3AEE-465E-91BC-91B33A4695A7}.Release|x64.Deploy.0 = Release|Any CPU
		{4033F0A5-3AEE-465E-91BC-91B33A4695A7}.Release|x86.ActiveCfg = Release|Any CPU
		{4033F0A5-3AEE-465E-91BC-91B33A4695A7}.Release|x86.Build.0 = Release|Any CPU
		{4033F0A5-3AEE-465E-91BC-91B33A4695A7}.Release|x86.Deploy.0 = Release|Any CPU
		{07385F5C-4DE1-4150-803A-6091DBDC071C}.Debug|Any CPU.ActiveCfg = Debug|iPhone
		{07385F5C-4DE1-4150-803A-6091DBDC071C}.Debug|Any CPU.Build.0 = Debug|iPhone
		{07385F5C-4DE1-4150-803A-6091DBDC071C}.Debug|Any CPU.Deploy.0 = Debug|iPhone
		{07385F5C-4DE1-4150-803A-6091DBDC071C}.Debug|ARM.ActiveCfg = Debug|iPhoneSimulator
		{07385F5C-4DE1-4150-803A-6091DBDC071C}.Debug|ARM.Build.0 = Debug|iPhoneSimulator
		{07385F5C-4DE1-4150-803A-6091DBDC071C}.Debug|ARM.Deploy.0 = Debug|iPhoneSimulator
		{07385F5C-4DE1-4150-803A-6091DBDC071C}.Debug|iPhone.ActiveCfg = Debug|iPhone
		{07385F5C-4DE1-4150-803A-6091DBDC071C}.Debug|iPhone.Build.0 = Debug|iPhone
		{07385F5C-4DE1-4150-803A-6091DBDC071C}.Debug|iPhone.Deploy.0 = Debug|iPhone
		{07385F5C-4DE1-4150-803A-6091DBDC071C}.Debug|iPhoneSimulator.ActiveCfg = Debug|iPhoneSimulator
		{07385F5C-4DE1-4150-803A-6091DBDC071C}.Debug|iPhoneSimulator.Build.0 = Debug|iPhoneSimulator
		{07385F5C-4DE1-4150-803A-6091DBDC071C}.Debug|iPhoneSimulator.Deploy.0 = Debug|iPhoneSimulator
		{07385F5C-4DE1-4150-803A-6091DBDC071C}.Debug|x64.ActiveCfg = Debug|iPhone
		{07385F5C-4DE1-4150-803A-6091DBDC071C}.Debug|x64.Build.0 = Debug|iPhone
		{07385F5C-4DE1-4150-803A-6091DBDC071C}.Debug|x64.Deploy.0 = Debug|iPhone
		{07385F5C-4DE1-4150-803A-6091DBDC071C}.Debug|x86.ActiveCfg = Debug|iPhone
		{07385F5C-4DE1-4150-803A-6091DBDC071C}.Debug|x86.Build.0 = Debug|iPhone
		{07385F5C-4DE1-4150-803A-6091DBDC071C}.Debug|x86.Deploy.0 = Debug|iPhone
		{07385F5C-4DE1-4150-803A-6091DBDC071C}.Release|Any CPU.ActiveCfg = Release|iPhone
		{07385F5C-4DE1-4150-803A-6091DBDC071C}.Release|Any CPU.Build.0 = Release|iPhone
		{07385F5C-4DE1-4150-803A-6091DBDC071C}.Release|Any CPU.Deploy.0 = Release|iPhone
		{07385F5C-4DE1-4150-803A-6091DBDC071C}.Release|ARM.ActiveCfg = Release|iPhone
		{07385F5C-4DE1-4150-803A-6091DBDC071C}.Release|ARM.Build.0 = Release|iPhone
		{07385F5C-4DE1-4150-803A-6091DBDC071C}.Release|ARM.Deploy.0 = Release|iPhone
		{07385F5C-4DE1-4150-803A-6091DBDC071C}.Release|iPhone.ActiveCfg = Release|iPhone
		{07385F5C-4DE1-4150-803A-6091DBDC071C}.Release|iPhone.Build.0 = Release|iPhone
		{07385F5C-4DE1-4150-803A-6091DBDC071C}.Release|iPhone.Deploy.0 = Release|iPhone
		{07385F5C-4DE1-4150-803A-6091DBDC071C}.Release|iPhoneSimulator.ActiveCfg = Release|iPhoneSimulator
		{07385F5C-4DE1-4150-803A-6091DBDC071C}.Release|iPhoneSimulator.Build.0 = Release|iPhoneSimulator
		{07385F5C-4DE1-4150-803A-6091DBDC071C}.Release|iPhoneSimulator.Deploy.0 = Release|iPhoneSimulator
		{07385F5C-4DE1-4150-803A-6091DBDC071C}.Release|x64.ActiveCfg = Release|iPhone
		{07385F5C-4DE1-4150-803A-6091DBDC071C}.Release|x64.Build.0 = Release|iPhone
		{07385F5C-4DE1-4150-803A-6091DBDC071C}.Release|x64.Deploy.0 = Release|iPhone
		{07385F5C-4DE1-4150-803A-6091DBDC071C}.Release|x86.ActiveCfg = Release|iPhone
		{07385F5C-4DE1-4150-803A-6091DBDC071C}.Release|x86.Build.0 = Release|iPhone
		{07385F5C-4DE1-4150-803A-6091DBDC071C}.Release|x86.Deploy.0 = Release|iPhone
		{630FB675-FF73-4006-A011-53F704274188}.Debug|Any CPU.ActiveCfg = Debug|Any CPU
		{630FB675-FF73-4006-A011-53F704274188}.Debug|Any CPU.Build.0 = Debug|Any CPU
		{630FB675-FF73-4006-A011-53F704274188}.Debug|Any CPU.Deploy.0 = Debug|Any CPU
		{630FB675-FF73-4006-A011-53F704274188}.Debug|ARM.ActiveCfg = Debug|Any CPU
		{630FB675-FF73-4006-A011-53F704274188}.Debug|ARM.Build.0 = Debug|Any CPU
		{630FB675-FF73-4006-A011-53F704274188}.Debug|ARM.Deploy.0 = Debug|Any CPU
		{630FB675-FF73-4006-A011-53F704274188}.Debug|iPhone.ActiveCfg = Debug|Any CPU
		{630FB675-FF73-4006-A011-53F704274188}.Debug|iPhone.Build.0 = Debug|Any CPU
		{630FB675-FF73-4006-A011-53F704274188}.Debug|iPhone.Deploy.0 = Debug|Any CPU
		{630FB675-FF73-4006-A011-53F704274188}.Debug|iPhoneSimulator.ActiveCfg = Debug|Any CPU
		{630FB675-FF73-4006-A011-53F704274188}.Debug|iPhoneSimulator.Build.0 = Debug|Any CPU
		{630FB675-FF73-4006-A011-53F704274188}.Debug|iPhoneSimulator.Deploy.0 = Debug|Any CPU
		{630FB675-FF73-4006-A011-53F704274188}.Debug|x64.ActiveCfg = Debug|Any CPU
		{630FB675-FF73-4006-A011-53F704274188}.Debug|x64.Build.0 = Debug|Any CPU
		{630FB675-FF73-4006-A011-53F704274188}.Debug|x64.Deploy.0 = Debug|Any CPU
		{630FB675-FF73-4006-A011-53F704274188}.Debug|x86.ActiveCfg = Debug|Any CPU
		{630FB675-FF73-4006-A011-53F704274188}.Debug|x86.Build.0 = Debug|Any CPU
		{630FB675-FF73-4006-A011-53F704274188}.Debug|x86.Deploy.0 = Debug|Any CPU
		{630FB675-FF73-4006-A011-53F704274188}.Release|Any CPU.ActiveCfg = Release|Any CPU
		{630FB675-FF73-4006-A011-53F704274188}.Release|Any CPU.Build.0 = Release|Any CPU
		{630FB675-FF73-4006-A011-53F704274188}.Release|Any CPU.Deploy.0 = Release|Any CPU
		{630FB675-FF73-4006-A011-53F704274188}.Release|ARM.ActiveCfg = Release|Any CPU
		{630FB675-FF73-4006-A011-53F704274188}.Release|ARM.Build.0 = Release|Any CPU
		{630FB675-FF73-4006-A011-53F704274188}.Release|ARM.Deploy.0 = Release|Any CPU
		{630FB675-FF73-4006-A011-53F704274188}.Release|iPhone.ActiveCfg = Release|Any CPU
		{630FB675-FF73-4006-A011-53F704274188}.Release|iPhone.Build.0 = Release|Any CPU
		{630FB675-FF73-4006-A011-53F704274188}.Release|iPhone.Deploy.0 = Release|Any CPU
		{630FB675-FF73-4006-A011-53F704274188}.Release|iPhoneSimulator.ActiveCfg = Release|Any CPU
		{630FB675-FF73-4006-A011-53F704274188}.Release|iPhoneSimulator.Build.0 = Release|Any CPU
		{630FB675-FF73-4006-A011-53F704274188}.Release|iPhoneSimulator.Deploy.0 = Release|Any CPU
		{630FB675-FF73-4006-A011-53F704274188}.Release|x64.ActiveCfg = Release|Any CPU
		{630FB675-FF73-4006-A011-53F704274188}.Release|x64.Build.0 = Release|Any CPU
		{630FB675-FF73-4006-A011-53F704274188}.Release|x64.Deploy.0 = Release|Any CPU
		{630FB675-FF73-4006-A011-53F704274188}.Release|x86.ActiveCfg = Release|Any CPU
		{630FB675-FF73-4006-A011-53F704274188}.Release|x86.Build.0 = Release|Any CPU
		{630FB675-FF73-4006-A011-53F704274188}.Release|x86.Deploy.0 = Release|Any CPU
	EndGlobalSection
	GlobalSection(SolutionProperties) = preSolution
		HideSolutionNode = FALSE
	EndGlobalSection
	GlobalSection(ExtensibilityGlobals) = postSolution
		SolutionGuid = {F3D88DF5-B534-4BB6-B259-94C0ACF57BF4}
	EndGlobalSection
EndGlobal
